
Microsoft Visual Studio Solution File, Format Version 12.00
# Visual Studio Version 16
VisualStudioVersion = 16.0.31205.134
MinimumVisualStudioVersion = 10.0.40219.1
Project("{FAE04EC0-301F-11D3-BF4B-00C04F79EFBC}") = "ClickCheckSample", "ClickCheckSample\ClickCheckSample.csproj", "{C54567A3-1E9A-4147-A403-FDBF7747E684}"
EndProject
Global
	GlobalSection(SolutionConfigurationPlatforms) = preSolution
		Debug|Any CPU = Debug|Any CPU
		Release|Any CPU = Release|Any CPU
	EndGlobalSection
	GlobalSection(ProjectConfigurationPlatforms) = postSolution
		{C54567A3-1E9A-4147-A403-FDBF7747E684}.Debug|Any CPU.ActiveCfg = Debug|Any CPU
		{C54567A3-1E9A-4147-A403-FDBF7747E684}.Debug|Any CPU.Build.0 = Debug|Any CPU
		{C54567A3-1E9A-4147-A403-FDBF7747E684}.Release|Any CPU.ActiveCfg = Release|Any CPU
		{C54567A3-1E9A-4147-A403-FDBF7747E684}.Release|Any CPU.Build.0 = Release|Any CPU
	EndGlobalSection
	GlobalSection(SolutionProperties) = preSolution
		HideSolutionNode = FALSE
	EndGlobalSection
	GlobalSection(ExtensibilityGlobals) = postSolution
		SolutionGuid = {7AD097A1-7D0C-4A0D-B5C1-DD94DD9E1859}
	EndGlobalSection
EndGlobal
